
Microsoft Visual Studio Solution File, Format Version 12.00
# Visual Studio 2012
Project("{FAE04EC0-301F-11D3-BF4B-00C04F79EFBC}") = "chatRoomClient", "testForm\chatRoomClient.csproj", "{9ADC63C8-A7E0-45F5-9658-2451F9D1701E}"
EndProject
Global
	GlobalSection(SolutionConfigurationPlatforms) = preSolution
		Debug|Any CPU = Debug|Any CPU
		Release|Any CPU = Release|Any CPU
	EndGlobalSection
	GlobalSection(ProjectConfigurationPlatforms) = postSolution
		{9ADC63C8-A7E0-45F5-9658-2451F9D1701E}.Debug|Any CPU.ActiveCfg = Debug|Any CPU
		{9ADC63C8-A7E0-45F5-9658-2451F9D1701E}.Debug|Any CPU.Build.0 = Debug|Any CPU
		{9ADC63C8-A7E0-45F5-9658-2451F9D1701E}.Release|Any CPU.ActiveCfg = Release|Any CPU
		{9ADC63C8-A7E0-45F5-9658-2451F9D1701E}.Release|Any CPU.Build.0 = Release|Any CPU
	EndGlobalSection
	GlobalSection(SolutionProperties) = preSolution
		HideSolutionNode = FALSE
	EndGlobalSection
EndGlobal
